<?xml version="1.0" encoding="UTF-8" standalone="yes" ?>
<CodeBlocks_project_file>
	<FileVersion major="1" minor="6" />
	<Project>
		<Option title="WebServer" />
		<Option pch_mode="2" />
		<Option compiler="gcc" />
		<Build>
			<Target title="Debug">
				<Option output="bin/Debug/WebServer" prefix_auto="1" extension_auto="1" />
				<Option object_output="obj/Debug/" />
				<Option type="1" />
				<Option compiler="gcc" />
				<Compiler>
					<Add option="-g" />
				</Compiler>
			</Target>
			<Target title="Release">
				<Option output="bin/Release/WebServer" prefix_auto="1" extension_auto="1" />
				<Option object_output="obj/Release/" />
				<Option type="1" />
				<Option compiler="gcc" />
				<Compiler>
					<Add option="-O2" />
				</Compiler>
				<Linker>
					<Add option="-s" />
				</Linker>
			</Target>
		</Build>
		<Compiler>
			<Add option="-Wall" />
		</Compiler>
		<Unit filename="HTTP.c">
			<Option compilerVar="CC" />
		</Unit>
		<Unit filename="HTTP.h">
			<Option target="&lt;{~None~}&gt;" />
		</Unit>
		<Unit filename="blocking_queue.c">
			<Option compilerVar="CC" />
			<Option target="&lt;{~None~}&gt;" />
		</Unit>
		<Unit filename="blocking_queue.h">
			<Option target="&lt;{~None~}&gt;" />
		</Unit>
		<Unit filename="file.c">
			<Option compilerVar="CC" />
		</Unit>
		<Unit filename="hash_map.c">
			<Option compilerVar="CC" />
		</Unit>
		<Unit filename="hash_map.h" />
		<Unit filename="logger.h">
			<Option target="&lt;{~None~}&gt;" />
		</Unit>
		<Unit filename="main.c">
			<Option compilerVar="CC" />
		</Unit>
		<Unit filename="server.c">
			<Option compilerVar="CC" />
		</Unit>
		<Unit filename="server.h" />
		<Unit filename="thread_pool.c">
			<Option compilerVar="CC" />
		</Unit>
		<Unit filename="thread_pool.h">
			<Option target="&lt;{~None~}&gt;" />
		</Unit>
		<Extensions>
			<code_completion />
			<debugger />
		</Extensions>
	</Project>
</CodeBlocks_project_file>
